
Microsoft Visual Studio Solution File, Format Version 12.00
# Visual Studio Version 17
VisualStudioVersion = 17.1.32414.318
MinimumVisualStudioVersion = 10.0.40219.1
Project("{8BC9CEB8-8B4A-11D0-8D11-00A0C91BC942}") = "Tests", "Tests\Tests.vcxproj", "{27E43154-44DA-437F-8B29-3DF95F951D75}"
EndProject
Project("{8BC9CEB8-8B4A-11D0-8D11-00A0C91BC942}") = "Codin", "Codin\Codin.vcxproj", "{911D9CF3-07A1-4335-A5BE-AD1BA887AF8B}"
EndProject
Project("{8BC9CEB8-8B4A-11D0-8D11-00A0C91BC942}") = "Game", "Game\Game.vcxproj", "{1268C7AE-DE33-4E22-80F7-B6690C93629A}"
	ProjectSection(ProjectDependencies) = postProject
		{24D3B814-E04C-49EC-91E7-52FBD8BC5E40} = {24D3B814-E04C-49EC-91E7-52FBD8BC5E40}
	EndProjectSection
EndProject
Project("{9A19103F-16F7-4668-BE54-9A1E7A4F7556}") = "Merge", "Merge\Merge.csproj", "{24D3B814-E04C-49EC-91E7-52FBD8BC5E40}"
EndProject
Project("{2150E333-8FDC-42A3-9474-1A3956D46DE8}") = "_Generated", "_Generated", "{FC45536E-C4C4-4D68-A111-AC1CC45D8FD1}"
	ProjectSection(SolutionItems) = preProject
		SpringChallenge.cpp = SpringChallenge.cpp
	EndProjectSection
EndProject
Global
	GlobalSection(SolutionConfigurationPlatforms) = preSolution
		Debug|Any CPU = Debug|Any CPU
		Debug|x64 = Debug|x64
		Debug|x86 = Debug|x86
		Release|Any CPU = Release|Any CPU
		Release|x64 = Release|x64
		Release|x86 = Release|x86
	EndGlobalSection
	GlobalSection(ProjectConfigurationPlatforms) = postSolution
		{27E43154-44DA-437F-8B29-3DF95F951D75}.Debug|Any CPU.ActiveCfg = Debug|x64
		{27E43154-44DA-437F-8B29-3DF95F951D75}.Debug|Any CPU.Build.0 = Debug|x64
		{27E43154-44DA-437F-8B29-3DF95F951D75}.Debug|x64.ActiveCfg = Debug|x64
		{27E43154-44DA-437F-8B29-3DF95F951D75}.Debug|x64.Build.0 = Debug|x64
		{27E43154-44DA-437F-8B29-3DF95F951D75}.Debug|x86.ActiveCfg = Debug|Win32
		{27E43154-44DA-437F-8B29-3DF95F951D75}.Debug|x86.Build.0 = Debug|Win32
		{27E43154-44DA-437F-8B29-3DF95F951D75}.Release|Any CPU.ActiveCfg = Release|x64
		{27E43154-44DA-437F-8B29-3DF95F951D75}.Release|Any CPU.Build.0 = Release|x64
		{27E43154-44DA-437F-8B29-3DF95F951D75}.Release|x64.ActiveCfg = Release|x64
		{27E43154-44DA-437F-8B29-3DF95F951D75}.Release|x64.Build.0 = Release|x64
		{27E43154-44DA-437F-8B29-3DF95F951D75}.Release|x86.ActiveCfg = Release|Win32
		{27E43154-44DA-437F-8B29-3DF95F951D75}.Release|x86.Build.0 = Release|Win32
		{911D9CF3-07A1-4335-A5BE-AD1BA887AF8B}.Debug|Any CPU.ActiveCfg = Debug|x64
		{911D9CF3-07A1-4335-A5BE-AD1BA887AF8B}.Debug|Any CPU.Build.0 = Debug|x64
		{911D9CF3-07A1-4335-A5BE-AD1BA887AF8B}.Debug|x64.ActiveCfg = Debug|x64
		{911D9CF3-07A1-4335-A5BE-AD1BA887AF8B}.Debug|x64.Build.0 = Debug|x64
		{911D9CF3-07A1-4335-A5BE-AD1BA887AF8B}.Debug|x86.ActiveCfg = Debug|Win32
		{911D9CF3-07A1-4335-A5BE-AD1BA887AF8B}.Debug|x86.Build.0 = Debug|Win32
		{911D9CF3-07A1-4335-A5BE-AD1BA887AF8B}.Release|Any CPU.ActiveCfg = Release|x64
		{911D9CF3-07A1-4335-A5BE-AD1BA887AF8B}.Release|Any CPU.Build.0 = Release|x64
		{911D9CF3-07A1-4335-A5BE-AD1BA887AF8B}.Release|x64.ActiveCfg = Release|x64
		{911D9CF3-07A1-4335-A5BE-AD1BA887AF8B}.Release|x64.Build.0 = Release|x64
		{911D9CF3-07A1-4335-A5BE-AD1BA887AF8B}.Release|x86.ActiveCfg = Release|Win32
		{911D9CF3-07A1-4335-A5BE-AD1BA887AF8B}.Release|x86.Build.0 = Release|Win32
		{1268C7AE-DE33-4E22-80F7-B6690C93629A}.Debug|Any CPU.ActiveCfg = Debug|x64
		{1268C7AE-DE33-4E22-80F7-B6690C93629A}.Debug|Any CPU.Build.0 = Debug|x64
		{1268C7AE-DE33-4E22-80F7-B6690C93629A}.Debug|x64.ActiveCfg = Debug|x64
		{1268C7AE-DE33-4E22-80F7-B6690C93629A}.Debug|x64.Build.0 = Debug|x64
		{1268C7AE-DE33-4E22-80F7-B6690C93629A}.Debug|x86.ActiveCfg = Debug|Win32
		{1268C7AE-DE33-4E22-80F7-B6690C93629A}.Debug|x86.Build.0 = Debug|Win32
		{1268C7AE-DE33-4E22-80F7-B6690C93629A}.Release|Any CPU.ActiveCfg = Release|x64
		{1268C7AE-DE33-4E22-80F7-B6690C93629A}.Release|Any CPU.Build.0 = Release|x64
		{1268C7AE-DE33-4E22-80F7-B6690C93629A}.Release|x64.ActiveCfg = Release|x64
		{1268C7AE-DE33-4E22-80F7-B6690C93629A}.Release|x64.Build.0 = Release|x64
		{1268C7AE-DE33-4E22-80F7-B6690C93629A}.Release|x86.ActiveCfg = Release|Win32
		{1268C7AE-DE33-4E22-80F7-B6690C93629A}.Release|x86.Build.0 = Release|Win32
		{24D3B814-E04C-49EC-91E7-52FBD8BC5E40}.Debug|Any CPU.ActiveCfg = Debug|Any CPU
		{24D3B814-E04C-49EC-91E7-52FBD8BC5E40}.Debug|Any CPU.Build.0 = Debug|Any CPU
		{24D3B814-E04C-49EC-91E7-52FBD8BC5E40}.Debug|x64.ActiveCfg = Debug|Any CPU
		{24D3B814-E04C-49EC-91E7-52FBD8BC5E40}.Debug|x64.Build.0 = Debug|Any CPU
		{24D3B814-E04C-49EC-91E7-52FBD8BC5E40}.Debug|x86.ActiveCfg = Debug|Any CPU
		{24D3B814-E04C-49EC-91E7-52FBD8BC5E40}.Debug|x86.Build.0 = Debug|Any CPU
		{24D3B814-E04C-49EC-91E7-52FBD8BC5E40}.Release|Any CPU.ActiveCfg = Release|Any CPU
		{24D3B814-E04C-49EC-91E7-52FBD8BC5E40}.Release|Any CPU.Build.0 = Release|Any CPU
		{24D3B814-E04C-49EC-91E7-52FBD8BC5E40}.Release|x64.ActiveCfg = Release|Any CPU
		{24D3B814-E04C-49EC-91E7-52FBD8BC5E40}.Release|x64.Build.0 = Release|Any CPU
		{24D3B814-E04C-49EC-91E7-52FBD8BC5E40}.Release|x86.ActiveCfg = Release|Any CPU
		{24D3B814-E04C-49EC-91E7-52FBD8BC5E40}.Release|x86.Build.0 = Release|Any CPU
	EndGlobalSection
	GlobalSection(SolutionProperties) = preSolution
		HideSolutionNode = FALSE
	EndGlobalSection
	GlobalSection(ExtensibilityGlobals) = postSolution
		SolutionGuid = {48B08164-71F3-4B91-AF28-F378D6DA0F84}
	EndGlobalSection
EndGlobal
