<?xml version="1.0" encoding="utf-8"?>
<Project ToolsVersion="4.0" xmlns="http://schemas.microsoft.com/developer/msbuild/2003">
  <ItemGroup>
    <ClInclude Include="Vector.h" />
    <ClInclude Include="EntityDescription.h" />
    <ClInclude Include="StatsDescription.h" />
    <ClInclude Include="Game.h" />
    <ClInclude Include="Utils.h" />
    <ClInclude Include="Entity.h" />
    <ClInclude Include="Controller.h" />
    <ClInclude Include="Rules.h" />
    <ClInclude Include="PeasantController.h" />
    <ClInclude Include="PaladinController.h" />
    <ClInclude Include="Math.h" />
    <ClInclude Include="Simulate.h" />
    <ClInclude Include="Timer.h" />
    <ClInclude Include="RogueController.h" />
    <ClInclude Include="DefenderController.h" />
  </ItemGroup>
  <ItemGroup>
    <ClCompile Include="Vector.cpp" />
    <ClCompile Include="EntityDescription.cpp" />
    <ClCompile Include="StatsDescription.cpp" />
    <ClCompile Include="Game.cpp" />
    <ClCompile Include="Entity.cpp" />
    <ClCompile Include="PeasantController.cpp" />
    <ClCompile Include="PaladinController.cpp" />
    <ClCompile Include="Simulate.cpp" />
    <ClCompile Include="Controller.cpp" />
    <ClCompile Include="RogueController.cpp" />
    <ClCompile Include="DefenderController.cpp" />
  </ItemGroup>
</Project>