<?xml version="1.0" encoding="utf-8"?>
<Project ToolsVersion="4.0" xmlns="http://schemas.microsoft.com/developer/msbuild/2003">
  <ItemGroup>
    <ClInclude Include="Vector.h" />
    <ClInclude Include="EntityDescription.h" />
    <ClInclude Include="StatsDescription.h" />
    <ClInclude Include="Game.h" />
    <ClInclude Include="Utils.h" />
    <ClInclude Include="Entity.h" />
    <ClInclude Include="Controller.h" />
  </ItemGroup>
  <ItemGroup>
    <ClCompile Include="Vector.cpp" />
    <ClCompile Include="EntityDescription.cpp" />
    <ClCompile Include="StatsDescription.cpp" />
    <ClCompile Include="Game.cpp" />
    <ClCompile Include="Entity.cpp" />
    <ClCompile Include="Controller.cpp" />
  </ItemGroup>
</Project>